
Microsoft Visual Studio Solution File, Format Version 12.00
# Visual Studio 15
VisualStudioVersion = 15.0.28307.1300
MinimumVisualStudioVersion = 10.0.40219.1
Project("{FAE04EC0-301F-11D3-BF4B-00C04F79EFBC}") = "PersonelApp.Domains", "..\PersonelApp.Domains\PersonelApp.Domains.csproj", "{0DE6BD33-A124-4E4A-BFA9-A5C812A022DD}"
EndProject
Project("{FAE04EC0-301F-11D3-BF4B-00C04F79EFBC}") = "PersonelApp.DataAccessLayer", "PersonelApp.DataAccessLayer\PersonelApp.DataAccessLayer.csproj", "{582427E9-59AC-48E4-9226-E5843B497C9D}"
EndProject
Project("{FAE04EC0-301F-11D3-BF4B-00C04F79EFBC}") = "PersonelApp.Console.UI", "PersonelApp.Console.UI\PersonelApp.Console.UI.csproj", "{C10396E7-DBC0-4CC5-ADB4-D9B097372FF6}"
EndProject
Global
	GlobalSection(SolutionConfigurationPlatforms) = preSolution
		Debug|Any CPU = Debug|Any CPU
		Release|Any CPU = Release|Any CPU
	EndGlobalSection
	GlobalSection(ProjectConfigurationPlatforms) = postSolution
		{0DE6BD33-A124-4E4A-BFA9-A5C812A022DD}.Debug|Any CPU.ActiveCfg = Debug|Any CPU
		{0DE6BD33-A124-4E4A-BFA9-A5C812A022DD}.Debug|Any CPU.Build.0 = Debug|Any CPU
		{0DE6BD33-A124-4E4A-BFA9-A5C812A022DD}.Release|Any CPU.ActiveCfg = Release|Any CPU
		{0DE6BD33-A124-4E4A-BFA9-A5C812A022DD}.Release|Any CPU.Build.0 = Release|Any CPU
		{582427E9-59AC-48E4-9226-E5843B497C9D}.Debug|Any CPU.ActiveCfg = Debug|Any CPU
		{582427E9-59AC-48E4-9226-E5843B497C9D}.Debug|Any CPU.Build.0 = Debug|Any CPU
		{582427E9-59AC-48E4-9226-E5843B497C9D}.Release|Any CPU.ActiveCfg = Release|Any CPU
		{582427E9-59AC-48E4-9226-E5843B497C9D}.Release|Any CPU.Build.0 = Release|Any CPU
		{C10396E7-DBC0-4CC5-ADB4-D9B097372FF6}.Debug|Any CPU.ActiveCfg = Debug|Any CPU
		{C10396E7-DBC0-4CC5-ADB4-D9B097372FF6}.Debug|Any CPU.Build.0 = Debug|Any CPU
		{C10396E7-DBC0-4CC5-ADB4-D9B097372FF6}.Release|Any CPU.ActiveCfg = Release|Any CPU
		{C10396E7-DBC0-4CC5-ADB4-D9B097372FF6}.Release|Any CPU.Build.0 = Release|Any CPU
	EndGlobalSection
	GlobalSection(SolutionProperties) = preSolution
		HideSolutionNode = FALSE
	EndGlobalSection
	GlobalSection(ExtensibilityGlobals) = postSolution
		SolutionGuid = {F0E69893-D1F5-43DC-A385-0D2CBBD2065B}
	EndGlobalSection
EndGlobal
